version = 1
revision = 3
requires-python = "==3.13.*"

[[package]]
name = "anyio"
version = "4.14.1"
source = { registry = "https://pypi.flatt.tech/simple/" }
dependencies = [
    { name = "idna" },
]
sdist = { url = "https://pypi.flatt.tech/files/packages/3b/72/5562aabb8dd7181e8e860622a38bea08d17842b99ecd4c91f84ac95251b0/anyio-4.14.1.tar.gz", hash = "sha256:8d648a3544c1a700e3ff78615cd679e4c5c3f149904287e73687b2596963629e", size = 254831, upload-time = "2026-06-24T20:56:06.017Z" }
wheels = [
    { url = "https://pypi.flatt.tech/files/packages/b0/7b/90df4a0a816d98d6ea26f559d87836d494a2cf1fcf063be67df50a7bcc30/anyio-4.14.1-py3-none-any.whl", hash = "sha256:4e5533c5b8ff0a24f5d7a176cbe6877129cd183893f66b537f8f227d10527d72", size = 124875, upload-time = "2026-06-24T20:56:04.413Z" },
]

[[package]]
name = "colorama"
version = "0.4.6"
source = { registry = "https://pypi.flatt.tech/simple/" }
sdist = { url = "https://pypi.flatt.tech/files/packages/d8/53/6f443c9a4a8358a93a6792e2acffb9d9d5cb0a5cfd8802644b7b1c9a02e4/colorama-0.4.6.tar.gz", hash = "sha256:08695f5cb7ed6e0531a20572697297273c47b8cae5a63ffc6d6ed5c201be6e44", size = 27697, upload-time = "2022-10-25T02:36:22.414Z" }
wheels = [
    { url = "https://pypi.flatt.tech/files/packages/d1/d6/3965ed04c63042e047cb6a3e6ed1a63a35087b6a609aa3a15ed8ac56c221/colorama-0.4.6-py2.py3-none-any.whl", hash = "sha256:4f1d9991f5acc0ca119f9d443620b77f9d6b33703e51011c16baf57afb285fc6", size = 25335, upload-time = "2022-10-25T02:36:20.889Z" },
]

[[package]]
name = "idna"
version = "3.18"
source = { registry = "https://pypi.flatt.tech/simple/" }
sdist = { url = "https://pypi.flatt.tech/files/packages/cd/63/9496c57188a2ee585e0f1db071d75089a11e98aa86eb99d9d7618fc1edce/idna-3.18.tar.gz", hash = "sha256:ffb385a7e039654cef1ab9ef32c6fafe283c0c0467bba1d9029738ce4a14a848", size = 196711, upload-time = "2026-06-02T14:34:07.794Z" }
wheels = [
    { url = "https://pypi.flatt.tech/files/packages/1e/5e/d4e9f1a599fb8e573b7b87160658329fbf28d19eac2718f51fc3def3aa5a/idna-3.18-py3-none-any.whl", hash = "sha256:7f952cbe720b688055e3f87de14f5c3e5fdaa8bc3928985c4077ca689de849a2", size = 65455, upload-time = "2026-06-02T14:34:06.319Z" },
]

[[package]]
name = "iniconfig"
version = "2.3.0"
source = { registry = "https://pypi.flatt.tech/simple/" }
sdist = { url = "https://pypi.flatt.tech/files/packages/72/34/14ca021ce8e5dfedc35312d08ba8bf51fdd999c576889fc2c24cb97f4f10/iniconfig-2.3.0.tar.gz", hash = "sha256:c76315c77db068650d49c5b56314774a7804df16fee4402c1f19d6d15d8c4730", size = 20503, upload-time = "2025-10-18T21:55:43.219Z" }
wheels = [
    { url = "https://pypi.flatt.tech/files/packages/cb/b1/3846dd7f199d53cb17f49cba7e651e9ce294d8497c8c150530ed11865bb8/iniconfig-2.3.0-py3-none-any.whl", hash = "sha256:f631c04d2c48c52b84d0d0549c99ff3859c98df65b3101406327ecc7d53fbf12", size = 7484, upload-time = "2025-10-18T21:55:41.639Z" },
]

[[package]]
name = "packaging"
version = "26.2"
source = { registry = "https://pypi.flatt.tech/simple/" }
sdist = { url = "https://pypi.flatt.tech/files/packages/d7/f1/e7a6dd94a8d4a5626c03e4e99c87f241ba9e350cd9e6d75123f992427270/packaging-26.2.tar.gz", hash = "sha256:ff452ff5a3e828ce110190feff1178bb1f2ea2281fa2075aadb987c2fb221661", size = 228134, upload-time = "2026-04-24T20:15:23.917Z" }
wheels = [
    { url = "https://pypi.flatt.tech/files/packages/df/b2/87e62e8c3e2f4b32e5fe99e0b86d576da1312593b39f47d8ceef365e95ed/packaging-26.2-py3-none-any.whl", hash = "sha256:5fc45236b9446107ff2415ce77c807cee2862cb6fac22b8a73826d0693b0980e", size = 100195, upload-time = "2026-04-24T20:15:22.081Z" },
]

[[package]]
name = "pluggy"
version = "1.6.0"
source = { registry = "https://pypi.flatt.tech/simple/" }
sdist = { url = "https://pypi.flatt.tech/files/packages/f9/e2/3e91f31a7d2b083fe6ef3fa267035b518369d9511ffab804f839851d2779/pluggy-1.6.0.tar.gz", hash = "sha256:7dcc130b76258d33b90f61b658791dede3486c3e6bfb003ee5c9bfb396dd22f3", size = 69412, upload-time = "2025-05-15T12:30:07.975Z" }
wheels = [
    { url = "https://pypi.flatt.tech/files/packages/54/20/4d324d65cc6d9205fabedc306948156824eb9f0ee1633355a8f7ec5c66bf/pluggy-1.6.0-py3-none-any.whl", hash = "sha256:e920276dd6813095e9377c0bc5566d94c932c33b27a3e3945d8389c374dd4746", size = 20538, upload-time = "2025-05-15T12:30:06.134Z" },
]

[[package]]
name = "pygments"
version = "2.20.0"
source = { registry = "https://pypi.flatt.tech/simple/" }
sdist = { url = "https://pypi.flatt.tech/files/packages/c3/b2/bc9c9196916376152d655522fdcebac55e66de6603a76a02bca1b6414f6c/pygments-2.20.0.tar.gz", hash = "sha256:6757cd03768053ff99f3039c1a36d6c0aa0b263438fcab17520b30a303a82b5f", size = 4955991, upload-time = "2026-03-29T13:29:33.898Z" }
wheels = [
    { url = "https://pypi.flatt.tech/files/packages/f4/7e/a72dd26f3b0f4f2bf1dd8923c85f7ceb43172af56d63c7383eb62b332364/pygments-2.20.0-py3-none-any.whl", hash = "sha256:81a9e26dd42fd28a23a2d169d86d7ac03b46e2f8b59ed4698fb4785f946d0176", size = 1231151, upload-time = "2026-03-29T13:29:30.038Z" },
]

[[package]]
name = "pytest"
version = "9.1.1"
source = { registry = "https://pypi.flatt.tech/simple/" }
dependencies = [
    { name = "colorama", marker = "sys_platform == 'win32'" },
    { name = "iniconfig" },
    { name = "packaging" },
    { name = "pluggy" },
    { name = "pygments" },
]
sdist = { url = "https://pypi.flatt.tech/files/packages/e4/47/b9efed96c114afcfa3c9d3fe98a76a1d14c74a9e266d397cf6eb64be5e01/pytest-9.1.1.tar.gz", hash = "sha256:1088fbde8f2b49d95a549a195707afa7a76a3ce9bcadc26b6d71f0ffda5fe313", size = 1636369, upload-time = "2026-06-19T10:58:32.857Z" }
wheels = [
    { url = "https://pypi.flatt.tech/files/packages/24/25/1de2678b631f5a49215c6c96fff41ba892b0a34df68d6d80292b1b48aa7f/pytest-9.1.1-py3-none-any.whl", hash = "sha256:37a86b45efb9a47a61a36449063e8e18d0cab3161329fc099eb21783169c4f0c", size = 386536, upload-time = "2026-06-19T10:58:31.347Z" },
]

[[package]]
name = "pytest-asyncio"
version = "1.4.0"
source = { registry = "https://pypi.flatt.tech/simple/" }
dependencies = [
    { name = "pytest" },
]
sdist = { url = "https://pypi.flatt.tech/files/packages/43/7c/d36d04db312ecf4298932ef77e6e4a9e8ad017906e24e34f0b0c361a2473/pytest_asyncio-1.4.0.tar.gz", hash = "sha256:c6c0d2259945122819f171a32ecea2c349ead889ee28176caaf492143424be42", size = 58514, upload-time = "2026-05-26T09:56:04.083Z" }
wheels = [
    { url = "https://pypi.flatt.tech/files/packages/03/e2/08a497ef684b88559c9cc5f4ad53a37e7b99e727094a86d6ea32536d5d3c/pytest_asyncio-1.4.0-py3-none-any.whl", hash = "sha256:933ca923a23075a87fb7070c0ec272a6848489824d887c85c812670932835aa1", size = 16930, upload-time = "2026-05-26T09:56:02.576Z" },
]

[[package]]
name = "starlette"
version = "1.3.1"
source = { registry = "https://pypi.flatt.tech/simple/" }
dependencies = [
    { name = "anyio" },
]
sdist = { url = "https://pypi.flatt.tech/files/packages/eb/e3/7c1dc7381d9f8ab7d854328ebfa884e62cb3f3d8549ddfd37c7814f42afa/starlette-1.3.1.tar.gz", hash = "sha256:05d0213193f2fbaae60e2ecb593b4add4262ad4e46536b54abe36f11a71724e0", size = 2703240, upload-time = "2026-06-12T09:23:11.602Z" }
wheels = [
    { url = "https://pypi.flatt.tech/files/packages/ec/bb/2799cc2ede3ed41131f8975621e7213dfc7ef4acbbaadfa440f32500c370/starlette-1.3.1-py3-none-any.whl", hash = "sha256:c7372aae11c3c3f26a42df7bd626cec2f47d03483d261d369516a615a53714c6", size = 73632, upload-time = "2026-06-12T09:23:10.017Z" },
]

[[package]]
name = "stlite-cloudflare-tests"
version = "0.1.0"
source = { virtual = "." }
dependencies = [
    { name = "pytest" },
    { name = "pytest-asyncio" },
    { name = "starlette" },
]

[package.metadata]
requires-dist = [
    { name = "pytest", specifier = ">=8.3" },
    { name = "pytest-asyncio", specifier = ">=0.24" },
    { name = "starlette", specifier = ">=0.40.0" },
]
