# This file is generated by running "yarn install" inside your project.
# Manual changes might be lost - proceed with caution!

__metadata:
  version: 8
  cacheKey: 10c0

"@isaacs/balanced-match@npm:^4.0.1":
  version: 4.0.1
  resolution: "@isaacs/balanced-match@npm:4.0.1"
  checksum: 10c0/7da011805b259ec5c955f01cee903da72ad97c5e6f01ca96197267d3f33103d5b2f8a1af192140f3aa64526c593c8d098ae366c2b11f7f17645d12387c2fd420
  languageName: node
  linkType: hard

"@isaacs/brace-expansion@npm:^5.0.0":
  version: 5.0.0
  resolution: "@isaacs/brace-expansion@npm:5.0.0"
  dependencies:
    "@isaacs/balanced-match": "npm:^4.0.1"
  checksum: 10c0/b4d4812f4be53afc2c5b6c545001ff7a4659af68d4484804e9d514e183d20269bb81def8682c01a22b17c4d6aed14292c8494f7d2ac664e547101c1a905aa977
  languageName: node
  linkType: hard

"@isaacs/fs-minipass@npm:^4.0.0":
  version: 4.0.1
  resolution: "@isaacs/fs-minipass@npm:4.0.1"
  dependencies:
    minipass: "npm:^7.0.4"
  checksum: 10c0/c25b6dc1598790d5b55c0947a9b7d111cfa92594db5296c3b907e2f533c033666f692a3939eadac17b1c7c40d362d0b0635dc874cbfe3e70db7c2b07cc97a5d2
  languageName: node
  linkType: hard

"@npmcli/agent@npm:^4.0.0":
  version: 4.0.0
  resolution: "@npmcli/agent@npm:4.0.0"
  dependencies:
    agent-base: "npm:^7.1.0"
    http-proxy-agent: "npm:^7.0.0"
    https-proxy-agent: "npm:^7.0.1"
    lru-cache: "npm:^11.2.1"
    socks-proxy-agent: "npm:^8.0.3"
  checksum: 10c0/f7b5ce0f3dd42c3f8c6546e8433573d8049f67ef11ec22aa4704bc41483122f68bf97752e06302c455ead667af5cb753e6a09bff06632bc465c1cfd4c4b75a53
  languageName: node
  linkType: hard

"@npmcli/fs@npm:^5.0.0":
  version: 5.0.0
  resolution: "@npmcli/fs@npm:5.0.0"
  dependencies:
    semver: "npm:^7.3.5"
  checksum: 10c0/26e376d780f60ff16e874a0ac9bc3399186846baae0b6e1352286385ac134d900cc5dafaded77f38d77f86898fc923ae1cee9d7399f0275b1aa24878915d722b
  languageName: node
  linkType: hard

"@playwright/test@npm:^1.42.1":
  version: 1.57.0
  resolution: "@playwright/test@npm:1.57.0"
  dependencies:
    playwright: "npm:1.57.0"
  bin:
    playwright: cli.js
  checksum: 10c0/35ba4b28be72bf0a53e33dbb11c6cff848fb9a37f49e893ce63a90675b5291ec29a1ba82c8a3b043abaead129400f0589623e9ace2e6a1c8eaa409721ecc3774
  languageName: node
  linkType: hard

"@stlite/react-e2e-tests@workspace:.":
  version: 0.0.0-use.local
  resolution: "@stlite/react-e2e-tests@workspace:."
  dependencies:
    "@playwright/test": "npm:^1.42.1"
    http-server: "npm:^14.1.1"
    typescript: "npm:^5.8.2"
  languageName: unknown
  linkType: soft

"abbrev@npm:^4.0.0":
  version: 4.0.0
  resolution: "abbrev@npm:4.0.0"
  checksum: 10c0/b4cc16935235e80702fc90192e349e32f8ef0ed151ef506aa78c81a7c455ec18375c4125414b99f84b2e055199d66383e787675f0bcd87da7a4dbd59f9eac1d5
  languageName: node
  linkType: hard

"agent-base@npm:^7.1.0, agent-base@npm:^7.1.2":
  version: 7.1.4
  resolution: "agent-base@npm:7.1.4"
  checksum: 10c0/c2c9ab7599692d594b6a161559ada307b7a624fa4c7b03e3afdb5a5e31cd0e53269115b620fcab024c5ac6a6f37fa5eb2e004f076ad30f5f7e6b8b671f7b35fe
  languageName: node
  linkType: hard

"ansi-styles@npm:^4.1.0":
  version: 4.3.0
  resolution: "ansi-styles@npm:4.3.0"
  dependencies:
    color-convert: "npm:^2.0.1"
  checksum: 10c0/895a23929da416f2bd3de7e9cb4eabd340949328ab85ddd6e484a637d8f6820d485f53933446f5291c3b760cbc488beb8e88573dd0f9c7daf83dccc8fe81b041
  languageName: node
  linkType: hard

"async-function@npm:^1.0.0":
  version: 1.0.0
  resolution: "async-function@npm:1.0.0"
  checksum: 10c0/669a32c2cb7e45091330c680e92eaeb791bc1d4132d827591e499cd1f776ff5a873e77e5f92d0ce795a8d60f10761dec9ddfe7225a5de680f5d357f67b1aac73
  languageName: node
  linkType: hard

"async-generator-function@npm:^1.0.0":
  version: 1.0.0
  resolution: "async-generator-function@npm:1.0.0"
  checksum: 10c0/2c50ef856c543ad500d8d8777d347e3c1ba623b93e99c9263ecc5f965c1b12d2a140e2ab6e43c3d0b85366110696f28114649411cbcd10b452a92a2318394186
  languageName: node
  linkType: hard

"async@npm:^3.2.6":
  version: 3.2.6
  resolution: "async@npm:3.2.6"
  checksum: 10c0/36484bb15ceddf07078688d95e27076379cc2f87b10c03b6dd8a83e89475a3c8df5848859dd06a4c95af1e4c16fc973de0171a77f18ea00be899aca2a4f85e70
  languageName: node
  linkType: hard

"basic-auth@npm:^2.0.1":
  version: 2.0.1
  resolution: "basic-auth@npm:2.0.1"
  dependencies:
    safe-buffer: "npm:5.1.2"
  checksum: 10c0/05f56db3a0fc31c89c86b605231e32ee143fb6ae38dc60616bc0970ae6a0f034172def99e69d3aed0e2c9e7cac84e2d63bc51a0b5ff6ab5fc8808cc8b29923c1
  languageName: node
  linkType: hard

"cacache@npm:^20.0.1":
  version: 20.0.3
  resolution: "cacache@npm:20.0.3"
  dependencies:
    "@npmcli/fs": "npm:^5.0.0"
    fs-minipass: "npm:^3.0.0"
    glob: "npm:^13.0.0"
    lru-cache: "npm:^11.1.0"
    minipass: "npm:^7.0.3"
    minipass-collect: "npm:^2.0.1"
    minipass-flush: "npm:^1.0.5"
    minipass-pipeline: "npm:^1.2.4"
    p-map: "npm:^7.0.2"
    ssri: "npm:^13.0.0"
    unique-filename: "npm:^5.0.0"
  checksum: 10c0/c7da1ca694d20e8f8aedabd21dc11518f809a7d2b59aa76a1fc655db5a9e62379e465c157ddd2afe34b19230808882288effa6911b2de26a088a6d5645123462
  languageName: node
  linkType: hard

"call-bind-apply-helpers@npm:^1.0.1, call-bind-apply-helpers@npm:^1.0.2":
  version: 1.0.2
  resolution: "call-bind-apply-helpers@npm:1.0.2"
  dependencies:
    es-errors: "npm:^1.3.0"
    function-bind: "npm:^1.1.2"
  checksum: 10c0/47bd9901d57b857590431243fea704ff18078b16890a6b3e021e12d279bbf211d039155e27d7566b374d49ee1f8189344bac9833dec7a20cdec370506361c938
  languageName: node
  linkType: hard

"call-bound@npm:^1.0.2":
  version: 1.0.4
  resolution: "call-bound@npm:1.0.4"
  dependencies:
    call-bind-apply-helpers: "npm:^1.0.2"
    get-intrinsic: "npm:^1.3.0"
  checksum: 10c0/f4796a6a0941e71c766aea672f63b72bc61234c4f4964dc6d7606e3664c307e7d77845328a8f3359ce39ddb377fed67318f9ee203dea1d47e46165dcf2917644
  languageName: node
  linkType: hard

"chalk@npm:^4.1.2":
  version: 4.1.2
  resolution: "chalk@npm:4.1.2"
  dependencies:
    ansi-styles: "npm:^4.1.0"
    supports-color: "npm:^7.1.0"
  checksum: 10c0/4a3fef5cc34975c898ffe77141450f679721df9dde00f6c304353fa9c8b571929123b26a0e4617bde5018977eb655b31970c297b91b63ee83bb82aeb04666880
  languageName: node
  linkType: hard

"chownr@npm:^3.0.0":
  version: 3.0.0
  resolution: "chownr@npm:3.0.0"
  checksum: 10c0/43925b87700f7e3893296c8e9c56cc58f926411cce3a6e5898136daaf08f08b9a8eb76d37d3267e707d0dcc17aed2e2ebdf5848c0c3ce95cf910a919935c1b10
  languageName: node
  linkType: hard

"color-convert@npm:^2.0.1":
  version: 2.0.1
  resolution: "color-convert@npm:2.0.1"
  dependencies:
    color-name: "npm:~1.1.4"
  checksum: 10c0/37e1150172f2e311fe1b2df62c6293a342ee7380da7b9cfdba67ea539909afbd74da27033208d01d6d5cfc65ee7868a22e18d7e7648e004425441c0f8a15a7d7
  languageName: node
  linkType: hard

"color-name@npm:~1.1.4":
  version: 1.1.4
  resolution: "color-name@npm:1.1.4"
  checksum: 10c0/a1a3f914156960902f46f7f56bc62effc6c94e84b2cae157a526b1c1f74b677a47ec602bf68a61abfa2b42d15b7c5651c6dbe72a43af720bc588dff885b10f95
  languageName: node
  linkType: hard

"corser@npm:^2.0.1":
  version: 2.0.1
  resolution: "corser@npm:2.0.1"
  checksum: 10c0/1f319a752a560342dd22d936e5a4c158bfcbc332524ef5b05a7277236dad8b0b2868fd5cf818559f29954ec4d777d82e797fccd76601fcfe431610e4143c8acc
  languageName: node
  linkType: hard

"debug@npm:4, debug@npm:^4.3.4, debug@npm:^4.3.6":
  version: 4.4.3
  resolution: "debug@npm:4.4.3"
  dependencies:
    ms: "npm:^2.1.3"
  peerDependenciesMeta:
    supports-color:
      optional: true
  checksum: 10c0/d79136ec6c83ecbefd0f6a5593da6a9c91ec4d7ddc4b54c883d6e71ec9accb5f67a1a5e96d00a328196b5b5c86d365e98d8a3a70856aaf16b4e7b1985e67f5a6
  languageName: node
  linkType: hard

"dunder-proto@npm:^1.0.1":
  version: 1.0.1
  resolution: "dunder-proto@npm:1.0.1"
  dependencies:
    call-bind-apply-helpers: "npm:^1.0.1"
    es-errors: "npm:^1.3.0"
    gopd: "npm:^1.2.0"
  checksum: 10c0/199f2a0c1c16593ca0a145dbf76a962f8033ce3129f01284d48c45ed4e14fea9bbacd7b3610b6cdc33486cef20385ac054948fefc6272fcce645c09468f93031
  languageName: node
  linkType: hard

"encoding@npm:^0.1.13":
  version: 0.1.13
  resolution: "encoding@npm:0.1.13"
  dependencies:
    iconv-lite: "npm:^0.6.2"
  checksum: 10c0/36d938712ff00fe1f4bac88b43bcffb5930c1efa57bbcdca9d67e1d9d6c57cfb1200fb01efe0f3109b2ce99b231f90779532814a81370a1bd3274a0f58585039
  languageName: node
  linkType: hard

"env-paths@npm:^2.2.0":
  version: 2.2.1
  resolution: "env-paths@npm:2.2.1"
  checksum: 10c0/285325677bf00e30845e330eec32894f5105529db97496ee3f598478e50f008c5352a41a30e5e72ec9de8a542b5a570b85699cd63bd2bc646dbcb9f311d83bc4
  languageName: node
  linkType: hard

"err-code@npm:^2.0.2":
  version: 2.0.3
  resolution: "err-code@npm:2.0.3"
  checksum: 10c0/b642f7b4dd4a376e954947550a3065a9ece6733ab8e51ad80db727aaae0817c2e99b02a97a3d6cecc648a97848305e728289cf312d09af395403a90c9d4d8a66
  languageName: node
  linkType: hard

"es-define-property@npm:^1.0.1":
  version: 1.0.1
  resolution: "es-define-property@npm:1.0.1"
  checksum: 10c0/3f54eb49c16c18707949ff25a1456728c883e81259f045003499efba399c08bad00deebf65cccde8c0e07908c1a225c9d472b7107e558f2a48e28d530e34527c
  languageName: node
  linkType: hard

"es-errors@npm:^1.3.0":
  version: 1.3.0
  resolution: "es-errors@npm:1.3.0"
  checksum: 10c0/0a61325670072f98d8ae3b914edab3559b6caa980f08054a3b872052640d91da01d38df55df797fcc916389d77fc92b8d5906cf028f4db46d7e3003abecbca85
  languageName: node
  linkType: hard

"es-object-atoms@npm:^1.0.0, es-object-atoms@npm:^1.1.1":
  version: 1.1.1
  resolution: "es-object-atoms@npm:1.1.1"
  dependencies:
    es-errors: "npm:^1.3.0"
  checksum: 10c0/65364812ca4daf48eb76e2a3b7a89b3f6a2e62a1c420766ce9f692665a29d94fe41fe88b65f24106f449859549711e4b40d9fb8002d862dfd7eb1c512d10be0c
  languageName: node
  linkType: hard

"eventemitter3@npm:^4.0.0":
  version: 4.0.7
  resolution: "eventemitter3@npm:4.0.7"
  checksum: 10c0/5f6d97cbcbac47be798e6355e3a7639a84ee1f7d9b199a07017f1d2f1e2fe236004d14fa5dfaeba661f94ea57805385e326236a6debbc7145c8877fbc0297c6b
  languageName: node
  linkType: hard

"exponential-backoff@npm:^3.1.1":
  version: 3.1.3
  resolution: "exponential-backoff@npm:3.1.3"
  checksum: 10c0/77e3ae682b7b1f4972f563c6dbcd2b0d54ac679e62d5d32f3e5085feba20483cf28bd505543f520e287a56d4d55a28d7874299941faf637e779a1aa5994d1267
  languageName: node
  linkType: hard

"fdir@npm:^6.5.0":
  version: 6.5.0
  resolution: "fdir@npm:6.5.0"
  peerDependencies:
    picomatch: ^3 || ^4
  peerDependenciesMeta:
    picomatch:
      optional: true
  checksum: 10c0/e345083c4306b3aed6cb8ec551e26c36bab5c511e99ea4576a16750ddc8d3240e63826cc624f5ae17ad4dc82e68a253213b60d556c11bfad064b7607847ed07f
  languageName: node
  linkType: hard

"follow-redirects@npm:^1.0.0":
  version: 1.15.11
  resolution: "follow-redirects@npm:1.15.11"
  peerDependenciesMeta:
    debug:
      optional: true
  checksum: 10c0/d301f430542520a54058d4aeeb453233c564aaccac835d29d15e050beb33f339ad67d9bddbce01739c5dc46a6716dbe3d9d0d5134b1ca203effa11a7ef092343
  languageName: node
  linkType: hard

"fs-minipass@npm:^3.0.0":
  version: 3.0.3
  resolution: "fs-minipass@npm:3.0.3"
  dependencies:
    minipass: "npm:^7.0.3"
  checksum: 10c0/63e80da2ff9b621e2cb1596abcb9207f1cf82b968b116ccd7b959e3323144cce7fb141462200971c38bbf2ecca51695069db45265705bed09a7cd93ae5b89f94
  languageName: node
  linkType: hard

"fsevents@npm:2.3.2":
  version: 2.3.2
  resolution: "fsevents@npm:2.3.2"
  dependencies:
    node-gyp: "npm:latest"
  checksum: 10c0/be78a3efa3e181cda3cf7a4637cb527bcebb0bd0ea0440105a3bb45b86f9245b307dc10a2507e8f4498a7d4ec349d1910f4d73e4d4495b16103106e07eee735b
  conditions: os=darwin
  languageName: node
  linkType: hard

"fsevents@patch:fsevents@npm%3A2.3.2#optional!builtin<compat/fsevents>":
  version: 2.3.2
  resolution: "fsevents@patch:fsevents@npm%3A2.3.2#optional!builtin<compat/fsevents>::version=2.3.2&hash=df0bf1"
  dependencies:
    node-gyp: "npm:latest"
  conditions: os=darwin
  languageName: node
  linkType: hard

"function-bind@npm:^1.1.2":
  version: 1.1.2
  resolution: "function-bind@npm:1.1.2"
  checksum: 10c0/d8680ee1e5fcd4c197e4ac33b2b4dce03c71f4d91717292785703db200f5c21f977c568d28061226f9b5900cbcd2c84463646134fd5337e7925e0942bc3f46d5
  languageName: node
  linkType: hard

"generator-function@npm:^2.0.0":
  version: 2.0.1
  resolution: "generator-function@npm:2.0.1"
  checksum: 10c0/8a9f59df0f01cfefafdb3b451b80555e5cf6d76487095db91ac461a0e682e4ff7a9dbce15f4ecec191e53586d59eece01949e05a4b4492879600bbbe8e28d6b8
  languageName: node
  linkType: hard

"get-intrinsic@npm:^1.2.5, get-intrinsic@npm:^1.3.0":
  version: 1.3.1
  resolution: "get-intrinsic@npm:1.3.1"
  dependencies:
    async-function: "npm:^1.0.0"
    async-generator-function: "npm:^1.0.0"
    call-bind-apply-helpers: "npm:^1.0.2"
    es-define-property: "npm:^1.0.1"
    es-errors: "npm:^1.3.0"
    es-object-atoms: "npm:^1.1.1"
    function-bind: "npm:^1.1.2"
    generator-function: "npm:^2.0.0"
    get-proto: "npm:^1.0.1"
    gopd: "npm:^1.2.0"
    has-symbols: "npm:^1.1.0"
    hasown: "npm:^2.0.2"
    math-intrinsics: "npm:^1.1.0"
  checksum: 10c0/9f4ab0cf7efe0fd2c8185f52e6f637e708f3a112610c88869f8f041bb9ecc2ce44bf285dfdbdc6f4f7c277a5b88d8e94a432374d97cca22f3de7fc63795deb5d
  languageName: node
  linkType: hard

"get-proto@npm:^1.0.1":
  version: 1.0.1
  resolution: "get-proto@npm:1.0.1"
  dependencies:
    dunder-proto: "npm:^1.0.1"
    es-object-atoms: "npm:^1.0.0"
  checksum: 10c0/9224acb44603c5526955e83510b9da41baf6ae73f7398875fba50edc5e944223a89c4a72b070fcd78beb5f7bdda58ecb6294adc28f7acfc0da05f76a2399643c
  languageName: node
  linkType: hard

"glob@npm:^13.0.0":
  version: 13.0.0
  resolution: "glob@npm:13.0.0"
  dependencies:
    minimatch: "npm:^10.1.1"
    minipass: "npm:^7.1.2"
    path-scurry: "npm:^2.0.0"
  checksum: 10c0/8e2f5821f3f7c312dd102e23a15b80c79e0837a9872784293ba2e15ec73b3f3749a49a42a31bfcb4e52c84820a474e92331c2eebf18819d20308f5c33876630a
  languageName: node
  linkType: hard

"gopd@npm:^1.2.0":
  version: 1.2.0
  resolution: "gopd@npm:1.2.0"
  checksum: 10c0/50fff1e04ba2b7737c097358534eacadad1e68d24cccee3272e04e007bed008e68d2614f3987788428fd192a5ae3889d08fb2331417e4fc4a9ab366b2043cead
  languageName: node
  linkType: hard

"graceful-fs@npm:^4.2.6":
  version: 4.2.11
  resolution: "graceful-fs@npm:4.2.11"
  checksum: 10c0/386d011a553e02bc594ac2ca0bd6d9e4c22d7fa8cfbfc448a6d148c59ea881b092db9dbe3547ae4b88e55f1b01f7c4a2ecc53b310c042793e63aa44cf6c257f2
  languageName: node
  linkType: hard

"has-flag@npm:^4.0.0":
  version: 4.0.0
  resolution: "has-flag@npm:4.0.0"
  checksum: 10c0/2e789c61b7888d66993e14e8331449e525ef42aac53c627cc53d1c3334e768bcb6abdc4f5f0de1478a25beec6f0bd62c7549058b7ac53e924040d4f301f02fd1
  languageName: node
  linkType: hard

"has-symbols@npm:^1.1.0":
  version: 1.1.0
  resolution: "has-symbols@npm:1.1.0"
  checksum: 10c0/dde0a734b17ae51e84b10986e651c664379018d10b91b6b0e9b293eddb32f0f069688c841fb40f19e9611546130153e0a2a48fd7f512891fb000ddfa36f5a20e
  languageName: node
  linkType: hard

"hasown@npm:^2.0.2":
  version: 2.0.2
  resolution: "hasown@npm:2.0.2"
  dependencies:
    function-bind: "npm:^1.1.2"
  checksum: 10c0/3769d434703b8ac66b209a4cca0737519925bbdb61dd887f93a16372b14694c63ff4e797686d87c90f08168e81082248b9b028bad60d4da9e0d1148766f56eb9
  languageName: node
  linkType: hard

"he@npm:^1.2.0":
  version: 1.2.0
  resolution: "he@npm:1.2.0"
  bin:
    he: bin/he
  checksum: 10c0/a27d478befe3c8192f006cdd0639a66798979dfa6e2125c6ac582a19a5ebfec62ad83e8382e6036170d873f46e4536a7e795bf8b95bf7c247f4cc0825ccc8c17
  languageName: node
  linkType: hard

"html-encoding-sniffer@npm:^3.0.0":
  version: 3.0.0
  resolution: "html-encoding-sniffer@npm:3.0.0"
  dependencies:
    whatwg-encoding: "npm:^2.0.0"
  checksum: 10c0/b17b3b0fb5d061d8eb15121c3b0b536376c3e295ecaf09ba48dd69c6b6c957839db124fe1e2b3f11329753a4ee01aa7dedf63b7677999e86da17fbbdd82c5386
  languageName: node
  linkType: hard

"http-cache-semantics@npm:^4.1.1":
  version: 4.2.0
  resolution: "http-cache-semantics@npm:4.2.0"
  checksum: 10c0/45b66a945cf13ec2d1f29432277201313babf4a01d9e52f44b31ca923434083afeca03f18417f599c9ab3d0e7b618ceb21257542338b57c54b710463b4a53e37
  languageName: node
  linkType: hard

"http-proxy-agent@npm:^7.0.0":
  version: 7.0.2
  resolution: "http-proxy-agent@npm:7.0.2"
  dependencies:
    agent-base: "npm:^7.1.0"
    debug: "npm:^4.3.4"
  checksum: 10c0/4207b06a4580fb85dd6dff521f0abf6db517489e70863dca1a0291daa7f2d3d2d6015a57bd702af068ea5cf9f1f6ff72314f5f5b4228d299c0904135d2aef921
  languageName: node
  linkType: hard

"http-proxy@npm:^1.18.1":
  version: 1.18.1
  resolution: "http-proxy@npm:1.18.1"
  dependencies:
    eventemitter3: "npm:^4.0.0"
    follow-redirects: "npm:^1.0.0"
    requires-port: "npm:^1.0.0"
  checksum: 10c0/148dfa700a03fb421e383aaaf88ac1d94521dfc34072f6c59770528c65250983c2e4ec996f2f03aa9f3fe46cd1270a593126068319311e3e8d9e610a37533e94
  languageName: node
  linkType: hard

"http-server@npm:^14.1.1":
  version: 14.1.1
  resolution: "http-server@npm:14.1.1"
  dependencies:
    basic-auth: "npm:^2.0.1"
    chalk: "npm:^4.1.2"
    corser: "npm:^2.0.1"
    he: "npm:^1.2.0"
    html-encoding-sniffer: "npm:^3.0.0"
    http-proxy: "npm:^1.18.1"
    mime: "npm:^1.6.0"
    minimist: "npm:^1.2.6"
    opener: "npm:^1.5.1"
    portfinder: "npm:^1.0.28"
    secure-compare: "npm:3.0.1"
    union: "npm:~0.5.0"
    url-join: "npm:^4.0.1"
  bin:
    http-server: bin/http-server
  checksum: 10c0/c5770ddd722dd520ce0af25efee6bfb7c6300ff4e934636d4eec83fa995739e64de2e699e89e7a795b3a1894bcc37bec226617c1023600aacd7871fd8d6ffe6d
  languageName: node
  linkType: hard

"https-proxy-agent@npm:^7.0.1":
  version: 7.0.6
  resolution: "https-proxy-agent@npm:7.0.6"
  dependencies:
    agent-base: "npm:^7.1.2"
    debug: "npm:4"
  checksum: 10c0/f729219bc735edb621fa30e6e84e60ee5d00802b8247aac0d7b79b0bd6d4b3294737a337b93b86a0bd9e68099d031858a39260c976dc14cdbba238ba1f8779ac
  languageName: node
  linkType: hard

"iconv-lite@npm:0.6.3, iconv-lite@npm:^0.6.2":
  version: 0.6.3
  resolution: "iconv-lite@npm:0.6.3"
  dependencies:
    safer-buffer: "npm:>= 2.1.2 < 3.0.0"
  checksum: 10c0/98102bc66b33fcf5ac044099d1257ba0b7ad5e3ccd3221f34dd508ab4070edff183276221684e1e0555b145fce0850c9f7d2b60a9fcac50fbb4ea0d6e845a3b1
  languageName: node
  linkType: hard

"imurmurhash@npm:^0.1.4":
  version: 0.1.4
  resolution: "imurmurhash@npm:0.1.4"
  checksum: 10c0/8b51313850dd33605c6c9d3fd9638b714f4c4c40250cff658209f30d40da60f78992fb2df5dabee4acf589a6a82bbc79ad5486550754bd9ec4e3fc0d4a57d6a6
  languageName: node
  linkType: hard

"ip-address@npm:^10.0.1":
  version: 10.1.0
  resolution: "ip-address@npm:10.1.0"
  checksum: 10c0/0103516cfa93f6433b3bd7333fa876eb21263912329bfa47010af5e16934eeeff86f3d2ae700a3744a137839ddfad62b900c7a445607884a49b5d1e32a3d7566
  languageName: node
  linkType: hard

"isexe@npm:^3.1.1":
  version: 3.1.1
  resolution: "isexe@npm:3.1.1"
  checksum: 10c0/9ec257654093443eb0a528a9c8cbba9c0ca7616ccb40abd6dde7202734d96bb86e4ac0d764f0f8cd965856aacbff2f4ce23e730dc19dfb41e3b0d865ca6fdcc7
  languageName: node
  linkType: hard

"lru-cache@npm:^11.0.0, lru-cache@npm:^11.1.0, lru-cache@npm:^11.2.1":
  version: 11.2.4
  resolution: "lru-cache@npm:11.2.4"
  checksum: 10c0/4a24f9b17537619f9144d7b8e42cd5a225efdfd7076ebe7b5e7dc02b860a818455201e67fbf000765233fe7e339d3c8229fc815e9b58ee6ede511e07608c19b2
  languageName: node
  linkType: hard

"make-fetch-happen@npm:^15.0.0":
  version: 15.0.3
  resolution: "make-fetch-happen@npm:15.0.3"
  dependencies:
    "@npmcli/agent": "npm:^4.0.0"
    cacache: "npm:^20.0.1"
    http-cache-semantics: "npm:^4.1.1"
    minipass: "npm:^7.0.2"
    minipass-fetch: "npm:^5.0.0"
    minipass-flush: "npm:^1.0.5"
    minipass-pipeline: "npm:^1.2.4"
    negotiator: "npm:^1.0.0"
    proc-log: "npm:^6.0.0"
    promise-retry: "npm:^2.0.1"
    ssri: "npm:^13.0.0"
  checksum: 10c0/525f74915660be60b616bcbd267c4a5b59481b073ba125e45c9c3a041bb1a47a2bd0ae79d028eb6f5f95bf9851a4158423f5068539c3093621abb64027e8e461
  languageName: node
  linkType: hard

"math-intrinsics@npm:^1.1.0":
  version: 1.1.0
  resolution: "math-intrinsics@npm:1.1.0"
  checksum: 10c0/7579ff94e899e2f76ab64491d76cf606274c874d8f2af4a442c016bd85688927fcfca157ba6bf74b08e9439dc010b248ce05b96cc7c126a354c3bae7fcb48b7f
  languageName: node
  linkType: hard

"mime@npm:^1.6.0":
  version: 1.6.0
  resolution: "mime@npm:1.6.0"
  bin:
    mime: cli.js
  checksum: 10c0/b92cd0adc44888c7135a185bfd0dddc42c32606401c72896a842ae15da71eb88858f17669af41e498b463cd7eb998f7b48939a25b08374c7924a9c8a6f8a81b0
  languageName: node
  linkType: hard

"minimatch@npm:^10.1.1":
  version: 10.1.1
  resolution: "minimatch@npm:10.1.1"
  dependencies:
    "@isaacs/brace-expansion": "npm:^5.0.0"
  checksum: 10c0/c85d44821c71973d636091fddbfbffe62370f5ee3caf0241c5b60c18cd289e916200acb2361b7e987558cd06896d153e25d505db9fc1e43e6b4b6752e2702902
  languageName: node
  linkType: hard

"minimist@npm:^1.2.6":
  version: 1.2.8
  resolution: "minimist@npm:1.2.8"
  checksum: 10c0/19d3fcdca050087b84c2029841a093691a91259a47def2f18222f41e7645a0b7c44ef4b40e88a1e58a40c84d2ef0ee6047c55594d298146d0eb3f6b737c20ce6
  languageName: node
  linkType: hard

"minipass-collect@npm:^2.0.1":
  version: 2.0.1
  resolution: "minipass-collect@npm:2.0.1"
  dependencies:
    minipass: "npm:^7.0.3"
  checksum: 10c0/5167e73f62bb74cc5019594709c77e6a742051a647fe9499abf03c71dca75515b7959d67a764bdc4f8b361cf897fbf25e2d9869ee039203ed45240f48b9aa06e
  languageName: node
  linkType: hard

"minipass-fetch@npm:^5.0.0":
  version: 5.0.0
  resolution: "minipass-fetch@npm:5.0.0"
  dependencies:
    encoding: "npm:^0.1.13"
    minipass: "npm:^7.0.3"
    minipass-sized: "npm:^1.0.3"
    minizlib: "npm:^3.0.1"
  dependenciesMeta:
    encoding:
      optional: true
  checksum: 10c0/9443aab5feab190972f84b64116e54e58dd87a58e62399cae0a4a7461b80568281039b7c3a38ba96453431ebc799d1e26999e548540156216729a4967cd5ef06
  languageName: node
  linkType: hard

"minipass-flush@npm:^1.0.5":
  version: 1.0.5
  resolution: "minipass-flush@npm:1.0.5"
  dependencies:
    minipass: "npm:^3.0.0"
  checksum: 10c0/2a51b63feb799d2bb34669205eee7c0eaf9dce01883261a5b77410c9408aa447e478efd191b4de6fc1101e796ff5892f8443ef20d9544385819093dbb32d36bd
  languageName: node
  linkType: hard

"minipass-pipeline@npm:^1.2.4":
  version: 1.2.4
  resolution: "minipass-pipeline@npm:1.2.4"
  dependencies:
    minipass: "npm:^3.0.0"
  checksum: 10c0/cbda57cea20b140b797505dc2cac71581a70b3247b84480c1fed5ca5ba46c25ecc25f68bfc9e6dcb1a6e9017dab5c7ada5eab73ad4f0a49d84e35093e0c643f2
  languageName: node
  linkType: hard

"minipass-sized@npm:^1.0.3":
  version: 1.0.3
  resolution: "minipass-sized@npm:1.0.3"
  dependencies:
    minipass: "npm:^3.0.0"
  checksum: 10c0/298f124753efdc745cfe0f2bdfdd81ba25b9f4e753ca4a2066eb17c821f25d48acea607dfc997633ee5bf7b6dfffb4eee4f2051eb168663f0b99fad2fa4829cb
  languageName: node
  linkType: hard

"minipass@npm:^3.0.0":
  version: 3.3.6
  resolution: "minipass@npm:3.3.6"
  dependencies:
    yallist: "npm:^4.0.0"
  checksum: 10c0/a114746943afa1dbbca8249e706d1d38b85ed1298b530f5808ce51f8e9e941962e2a5ad2e00eae7dd21d8a4aae6586a66d4216d1a259385e9d0358f0c1eba16c
  languageName: node
  linkType: hard

"minipass@npm:^7.0.2, minipass@npm:^7.0.3, minipass@npm:^7.0.4, minipass@npm:^7.1.2":
  version: 7.1.2
  resolution: "minipass@npm:7.1.2"
  checksum: 10c0/b0fd20bb9fb56e5fa9a8bfac539e8915ae07430a619e4b86ff71f5fc757ef3924b23b2c4230393af1eda647ed3d75739e4e0acb250a6b1eb277cf7f8fe449557
  languageName: node
  linkType: hard

"minizlib@npm:^3.0.1, minizlib@npm:^3.1.0":
  version: 3.1.0
  resolution: "minizlib@npm:3.1.0"
  dependencies:
    minipass: "npm:^7.1.2"
  checksum: 10c0/5aad75ab0090b8266069c9aabe582c021ae53eb33c6c691054a13a45db3b4f91a7fb1bd79151e6b4e9e9a86727b522527c0a06ec7d45206b745d54cd3097bcec
  languageName: node
  linkType: hard

"ms@npm:^2.1.3":
  version: 2.1.3
  resolution: "ms@npm:2.1.3"
  checksum: 10c0/d924b57e7312b3b63ad21fc5b3dc0af5e78d61a1fc7cfb5457edaf26326bf62be5307cc87ffb6862ef1c2b33b0233cdb5d4f01c4c958cc0d660948b65a287a48
  languageName: node
  linkType: hard

"negotiator@npm:^1.0.0":
  version: 1.0.0
  resolution: "negotiator@npm:1.0.0"
  checksum: 10c0/4c559dd52669ea48e1914f9d634227c561221dd54734070791f999c52ed0ff36e437b2e07d5c1f6e32909fc625fe46491c16e4a8f0572567d4dd15c3a4fda04b
  languageName: node
  linkType: hard

"node-gyp@npm:latest":
  version: 12.1.0
  resolution: "node-gyp@npm:12.1.0"
  dependencies:
    env-paths: "npm:^2.2.0"
    exponential-backoff: "npm:^3.1.1"
    graceful-fs: "npm:^4.2.6"
    make-fetch-happen: "npm:^15.0.0"
    nopt: "npm:^9.0.0"
    proc-log: "npm:^6.0.0"
    semver: "npm:^7.3.5"
    tar: "npm:^7.5.2"
    tinyglobby: "npm:^0.2.12"
    which: "npm:^6.0.0"
  bin:
    node-gyp: bin/node-gyp.js
  checksum: 10c0/f43efea8aaf0beb6b2f6184e533edad779b2ae38062953e21951f46221dd104006cc574154f2ad4a135467a5aae92c49e84ef289311a82e08481c5df0e8dc495
  languageName: node
  linkType: hard

"nopt@npm:^9.0.0":
  version: 9.0.0
  resolution: "nopt@npm:9.0.0"
  dependencies:
    abbrev: "npm:^4.0.0"
  bin:
    nopt: bin/nopt.js
  checksum: 10c0/1822eb6f9b020ef6f7a7516d7b64a8036e09666ea55ac40416c36e4b2b343122c3cff0e2f085675f53de1d2db99a2a89a60ccea1d120bcd6a5347bf6ceb4a7fd
  languageName: node
  linkType: hard

"object-inspect@npm:^1.13.3":
  version: 1.13.4
  resolution: "object-inspect@npm:1.13.4"
  checksum: 10c0/d7f8711e803b96ea3191c745d6f8056ce1f2496e530e6a19a0e92d89b0fa3c76d910c31f0aa270432db6bd3b2f85500a376a83aaba849a8d518c8845b3211692
  languageName: node
  linkType: hard

"opener@npm:^1.5.1":
  version: 1.5.2
  resolution: "opener@npm:1.5.2"
  bin:
    opener: bin/opener-bin.js
  checksum: 10c0/dd56256ab0cf796585617bc28e06e058adf09211781e70b264c76a1dbe16e90f868c974e5bf5309c93469157c7d14b89c35dc53fe7293b0e40b4d2f92073bc79
  languageName: node
  linkType: hard

"p-map@npm:^7.0.2":
  version: 7.0.4
  resolution: "p-map@npm:7.0.4"
  checksum: 10c0/a5030935d3cb2919d7e89454d1ce82141e6f9955413658b8c9403cfe379283770ed3048146b44cde168aa9e8c716505f196d5689db0ae3ce9a71521a2fef3abd
  languageName: node
  linkType: hard

"path-scurry@npm:^2.0.0":
  version: 2.0.1
  resolution: "path-scurry@npm:2.0.1"
  dependencies:
    lru-cache: "npm:^11.0.0"
    minipass: "npm:^7.1.2"
  checksum: 10c0/2a16ed0e81fbc43513e245aa5763354e25e787dab0d539581a6c3f0f967461a159ed6236b2559de23aa5b88e7dc32b469b6c47568833dd142a4b24b4f5cd2620
  languageName: node
  linkType: hard

"picomatch@npm:^4.0.3":
  version: 4.0.3
  resolution: "picomatch@npm:4.0.3"
  checksum: 10c0/9582c951e95eebee5434f59e426cddd228a7b97a0161a375aed4be244bd3fe8e3a31b846808ea14ef2c8a2527a6eeab7b3946a67d5979e81694654f939473ae2
  languageName: node
  linkType: hard

"playwright-core@npm:1.57.0":
  version: 1.57.0
  resolution: "playwright-core@npm:1.57.0"
  bin:
    playwright-core: cli.js
  checksum: 10c0/798e35d83bf48419a8c73de20bb94d68be5dde68de23f95d80a0ebe401e3b83e29e3e84aea7894d67fa6c79d2d3d40cc5bcde3e166f657ce50987aaa2421b6a9
  languageName: node
  linkType: hard

"playwright@npm:1.57.0":
  version: 1.57.0
  resolution: "playwright@npm:1.57.0"
  dependencies:
    fsevents: "npm:2.3.2"
    playwright-core: "npm:1.57.0"
  dependenciesMeta:
    fsevents:
      optional: true
  bin:
    playwright: cli.js
  checksum: 10c0/ab03c99a67b835bdea9059f516ad3b6e42c21025f9adaa161a4ef6bc7ca716dcba476d287140bb240d06126eb23f889a8933b8f5f1f1a56b80659d92d1358899
  languageName: node
  linkType: hard

"portfinder@npm:^1.0.28":
  version: 1.0.38
  resolution: "portfinder@npm:1.0.38"
  dependencies:
    async: "npm:^3.2.6"
    debug: "npm:^4.3.6"
  checksum: 10c0/59b2f2aa0b620c90ce0d477241e62c277f38bfd4fb6074106c23560248dd5e5c2c629dd048ef721f32b19df4213d09b77234880e4f0ab04abf1ab70b6d8048fa
  languageName: node
  linkType: hard

"proc-log@npm:^6.0.0":
  version: 6.1.0
  resolution: "proc-log@npm:6.1.0"
  checksum: 10c0/4f178d4062733ead9d71a9b1ab24ebcecdfe2250916a5b1555f04fe2eda972a0ec76fbaa8df1ad9c02707add6749219d118a4fc46dc56bdfe4dde4b47d80bb82
  languageName: node
  linkType: hard

"promise-retry@npm:^2.0.1":
  version: 2.0.1
  resolution: "promise-retry@npm:2.0.1"
  dependencies:
    err-code: "npm:^2.0.2"
    retry: "npm:^0.12.0"
  checksum: 10c0/9c7045a1a2928094b5b9b15336dcd2a7b1c052f674550df63cc3f36cd44028e5080448175b6f6ca32b642de81150f5e7b1a98b728f15cb069f2dd60ac2616b96
  languageName: node
  linkType: hard

"qs@npm:^6.4.0":
  version: 6.14.1
  resolution: "qs@npm:6.14.1"
  dependencies:
    side-channel: "npm:^1.1.0"
  checksum: 10c0/0e3b22dc451f48ce5940cbbc7c7d9068d895074f8c969c0801ac15c1313d1859c4d738e46dc4da2f498f41a9ffd8c201bd9fb12df67799b827db94cc373d2613
  languageName: node
  linkType: hard

"requires-port@npm:^1.0.0":
  version: 1.0.0
  resolution: "requires-port@npm:1.0.0"
  checksum: 10c0/b2bfdd09db16c082c4326e573a82c0771daaf7b53b9ce8ad60ea46aa6e30aaf475fe9b164800b89f93b748d2c234d8abff945d2551ba47bf5698e04cd7713267
  languageName: node
  linkType: hard

"retry@npm:^0.12.0":
  version: 0.12.0
  resolution: "retry@npm:0.12.0"
  checksum: 10c0/59933e8501727ba13ad73ef4a04d5280b3717fd650408460c987392efe9d7be2040778ed8ebe933c5cbd63da3dcc37919c141ef8af0a54a6e4fca5a2af177bfe
  languageName: node
  linkType: hard

"safe-buffer@npm:5.1.2":
  version: 5.1.2
  resolution: "safe-buffer@npm:5.1.2"
  checksum: 10c0/780ba6b5d99cc9a40f7b951d47152297d0e260f0df01472a1b99d4889679a4b94a13d644f7dbc4f022572f09ae9005fa2fbb93bbbd83643316f365a3e9a45b21
  languageName: node
  linkType: hard

"safer-buffer@npm:>= 2.1.2 < 3.0.0":
  version: 2.1.2
  resolution: "safer-buffer@npm:2.1.2"
  checksum: 10c0/7e3c8b2e88a1841c9671094bbaeebd94448111dd90a81a1f606f3f67708a6ec57763b3b47f06da09fc6054193e0e6709e77325415dc8422b04497a8070fa02d4
  languageName: node
  linkType: hard

"secure-compare@npm:3.0.1":
  version: 3.0.1
  resolution: "secure-compare@npm:3.0.1"
  checksum: 10c0/af3102f3f555d917c8ffff7a5f6f00f70195708f4faf82d48794485c9f3cb365cee0dd4da6b4e53e8964f172970bce6069b6101ba3ce8c309bff54f460d1f650
  languageName: node
  linkType: hard

"semver@npm:^7.3.5":
  version: 7.7.3
  resolution: "semver@npm:7.7.3"
  bin:
    semver: bin/semver.js
  checksum: 10c0/4afe5c986567db82f44c8c6faef8fe9df2a9b1d98098fc1721f57c696c4c21cebd572f297fc21002f81889492345b8470473bc6f4aff5fb032a6ea59ea2bc45e
  languageName: node
  linkType: hard

"side-channel-list@npm:^1.0.0":
  version: 1.0.0
  resolution: "side-channel-list@npm:1.0.0"
  dependencies:
    es-errors: "npm:^1.3.0"
    object-inspect: "npm:^1.13.3"
  checksum: 10c0/644f4ac893456c9490ff388bf78aea9d333d5e5bfc64cfb84be8f04bf31ddc111a8d4b83b85d7e7e8a7b845bc185a9ad02c052d20e086983cf59f0be517d9b3d
  languageName: node
  linkType: hard

"side-channel-map@npm:^1.0.1":
  version: 1.0.1
  resolution: "side-channel-map@npm:1.0.1"
  dependencies:
    call-bound: "npm:^1.0.2"
    es-errors: "npm:^1.3.0"
    get-intrinsic: "npm:^1.2.5"
    object-inspect: "npm:^1.13.3"
  checksum: 10c0/010584e6444dd8a20b85bc926d934424bd809e1a3af941cace229f7fdcb751aada0fb7164f60c2e22292b7fa3c0ff0bce237081fd4cdbc80de1dc68e95430672
  languageName: node
  linkType: hard

"side-channel-weakmap@npm:^1.0.2":
  version: 1.0.2
  resolution: "side-channel-weakmap@npm:1.0.2"
  dependencies:
    call-bound: "npm:^1.0.2"
    es-errors: "npm:^1.3.0"
    get-intrinsic: "npm:^1.2.5"
    object-inspect: "npm:^1.13.3"
    side-channel-map: "npm:^1.0.1"
  checksum: 10c0/71362709ac233e08807ccd980101c3e2d7efe849edc51455030327b059f6c4d292c237f94dc0685031dd11c07dd17a68afde235d6cf2102d949567f98ab58185
  languageName: node
  linkType: hard

"side-channel@npm:^1.1.0":
  version: 1.1.0
  resolution: "side-channel@npm:1.1.0"
  dependencies:
    es-errors: "npm:^1.3.0"
    object-inspect: "npm:^1.13.3"
    side-channel-list: "npm:^1.0.0"
    side-channel-map: "npm:^1.0.1"
    side-channel-weakmap: "npm:^1.0.2"
  checksum: 10c0/cb20dad41eb032e6c24c0982e1e5a24963a28aa6122b4f05b3f3d6bf8ae7fd5474ef382c8f54a6a3ab86e0cac4d41a23bd64ede3970e5bfb50326ba02a7996e6
  languageName: node
  linkType: hard

"smart-buffer@npm:^4.2.0":
  version: 4.2.0
  resolution: "smart-buffer@npm:4.2.0"
  checksum: 10c0/a16775323e1404dd43fabafe7460be13a471e021637bc7889468eb45ce6a6b207261f454e4e530a19500cc962c4cc5348583520843b363f4193cee5c00e1e539
  languageName: node
  linkType: hard

"socks-proxy-agent@npm:^8.0.3":
  version: 8.0.5
  resolution: "socks-proxy-agent@npm:8.0.5"
  dependencies:
    agent-base: "npm:^7.1.2"
    debug: "npm:^4.3.4"
    socks: "npm:^2.8.3"
  checksum: 10c0/5d2c6cecba6821389aabf18728325730504bf9bb1d9e342e7987a5d13badd7a98838cc9a55b8ed3cb866ad37cc23e1086f09c4d72d93105ce9dfe76330e9d2a6
  languageName: node
  linkType: hard

"socks@npm:^2.8.3":
  version: 2.8.7
  resolution: "socks@npm:2.8.7"
  dependencies:
    ip-address: "npm:^10.0.1"
    smart-buffer: "npm:^4.2.0"
  checksum: 10c0/2805a43a1c4bcf9ebf6e018268d87b32b32b06fbbc1f9282573583acc155860dc361500f89c73bfbb157caa1b4ac78059eac0ef15d1811eb0ca75e0bdadbc9d2
  languageName: node
  linkType: hard

"ssri@npm:^13.0.0":
  version: 13.0.0
  resolution: "ssri@npm:13.0.0"
  dependencies:
    minipass: "npm:^7.0.3"
  checksum: 10c0/405f3a531cd98b013cecb355d63555dca42fd12c7bc6671738aaa9a82882ff41cdf0ef9a2b734ca4f9a760338f114c29d01d9238a65db3ccac27929bd6e6d4b2
  languageName: node
  linkType: hard

"supports-color@npm:^7.1.0":
  version: 7.2.0
  resolution: "supports-color@npm:7.2.0"
  dependencies:
    has-flag: "npm:^4.0.0"
  checksum: 10c0/afb4c88521b8b136b5f5f95160c98dee7243dc79d5432db7efc27efb219385bbc7d9427398e43dd6cc730a0f87d5085ce1652af7efbe391327bc0a7d0f7fc124
  languageName: node
  linkType: hard

"tar@npm:^7.5.2":
  version: 7.5.2
  resolution: "tar@npm:7.5.2"
  dependencies:
    "@isaacs/fs-minipass": "npm:^4.0.0"
    chownr: "npm:^3.0.0"
    minipass: "npm:^7.1.2"
    minizlib: "npm:^3.1.0"
    yallist: "npm:^5.0.0"
  checksum: 10c0/a7d8b801139b52f93a7e34830db0de54c5aa45487c7cb551f6f3d44a112c67f1cb8ffdae856b05fd4f17b1749911f1c26f1e3a23bbe0279e17fd96077f13f467
  languageName: node
  linkType: hard

"tinyglobby@npm:^0.2.12":
  version: 0.2.15
  resolution: "tinyglobby@npm:0.2.15"
  dependencies:
    fdir: "npm:^6.5.0"
    picomatch: "npm:^4.0.3"
  checksum: 10c0/869c31490d0d88eedb8305d178d4c75e7463e820df5a9b9d388291daf93e8b1eb5de1dad1c1e139767e4269fe75f3b10d5009b2cc14db96ff98986920a186844
  languageName: node
  linkType: hard

"typescript@npm:^5.8.2":
  version: 5.9.3
  resolution: "typescript@npm:5.9.3"
  bin:
    tsc: bin/tsc
    tsserver: bin/tsserver
  checksum: 10c0/6bd7552ce39f97e711db5aa048f6f9995b53f1c52f7d8667c1abdc1700c68a76a308f579cd309ce6b53646deb4e9a1be7c813a93baaf0a28ccd536a30270e1c5
  languageName: node
  linkType: hard

"typescript@patch:typescript@npm%3A^5.8.2#optional!builtin<compat/typescript>":
  version: 5.9.3
  resolution: "typescript@patch:typescript@npm%3A5.9.3#optional!builtin<compat/typescript>::version=5.9.3&hash=5786d5"
  bin:
    tsc: bin/tsc
    tsserver: bin/tsserver
  checksum: 10c0/ad09fdf7a756814dce65bc60c1657b40d44451346858eea230e10f2e95a289d9183b6e32e5c11e95acc0ccc214b4f36289dcad4bf1886b0adb84d711d336a430
  languageName: node
  linkType: hard

"union@npm:~0.5.0":
  version: 0.5.0
  resolution: "union@npm:0.5.0"
  dependencies:
    qs: "npm:^6.4.0"
  checksum: 10c0/9ac158d99991063180e56f408f5991e808fa07594713439c098116da09215c154672ee8c832e16a6b39b037609c08bcaff8ff07c1e3e46c3cc622897972af2aa
  languageName: node
  linkType: hard

"unique-filename@npm:^5.0.0":
  version: 5.0.0
  resolution: "unique-filename@npm:5.0.0"
  dependencies:
    unique-slug: "npm:^6.0.0"
  checksum: 10c0/afb897e9cf4c2fb622ea716f7c2bb462001928fc5f437972213afdf1cc32101a230c0f1e9d96fc91ee5185eca0f2feb34127145874975f347be52eb91d6ccc2c
  languageName: node
  linkType: hard

"unique-slug@npm:^6.0.0":
  version: 6.0.0
  resolution: "unique-slug@npm:6.0.0"
  dependencies:
    imurmurhash: "npm:^0.1.4"
  checksum: 10c0/da7ade4cb04eb33ad0499861f82fe95ce9c7c878b7139dc54d140ecfb6a6541c18a5c8dac16188b8b379fe62c0c1f1b710814baac910cde5f4fec06212126c6a
  languageName: node
  linkType: hard

"url-join@npm:^4.0.1":
  version: 4.0.1
  resolution: "url-join@npm:4.0.1"
  checksum: 10c0/ac65e2c7c562d7b49b68edddcf55385d3e922bc1dd5d90419ea40b53b6de1607d1e45ceb71efb9d60da02c681d13c6cb3a1aa8b13fc0c989dfc219df97ee992d
  languageName: node
  linkType: hard

"whatwg-encoding@npm:^2.0.0":
  version: 2.0.0
  resolution: "whatwg-encoding@npm:2.0.0"
  dependencies:
    iconv-lite: "npm:0.6.3"
  checksum: 10c0/91b90a49f312dc751496fd23a7e68981e62f33afe938b97281ad766235c4872fc4e66319f925c5e9001502b3040dd25a33b02a9c693b73a4cbbfdc4ad10c3e3e
  languageName: node
  linkType: hard

"which@npm:^6.0.0":
  version: 6.0.0
  resolution: "which@npm:6.0.0"
  dependencies:
    isexe: "npm:^3.1.1"
  bin:
    node-which: bin/which.js
  checksum: 10c0/fe9d6463fe44a76232bb6e3b3181922c87510a5b250a98f1e43a69c99c079b3f42ddeca7e03d3e5f2241bf2d334f5a7657cfa868b97c109f3870625842f4cc15
  languageName: node
  linkType: hard

"yallist@npm:^4.0.0":
  version: 4.0.0
  resolution: "yallist@npm:4.0.0"
  checksum: 10c0/2286b5e8dbfe22204ab66e2ef5cc9bbb1e55dfc873bbe0d568aa943eb255d131890dfd5bf243637273d31119b870f49c18fcde2c6ffbb7a7a092b870dc90625a
  languageName: node
  linkType: hard

"yallist@npm:^5.0.0":
  version: 5.0.0
  resolution: "yallist@npm:5.0.0"
  checksum: 10c0/a499c81ce6d4a1d260d4ea0f6d49ab4da09681e32c3f0472dee16667ed69d01dae63a3b81745a24bd78476ec4fcf856114cb4896ace738e01da34b2c42235416
  languageName: node
  linkType: hard
